
Microsoft Visual Studio Solution File, Format Version 12.00
# Visual Studio Version 16
VisualStudioVersion = 16.0.31205.134
MinimumVisualStudioVersion = 10.0.40219.1
Project("{8BC9CEB8-8B4A-11D0-8D11-00A0C91BC942}") = "problem_1", "problem_1\problem_1.vcxproj", "{0C42C79B-5250-4F02-8004-00E720F63FDF}"
EndProject
Project("{8BC9CEB8-8B4A-11D0-8D11-00A0C91BC942}") = "problem_2", "problem_2\problem_2.vcxproj", "{872A74B5-C931-4748-A4AC-318A3453F4D1}"
EndProject
Project("{8BC9CEB8-8B4A-11D0-8D11-00A0C91BC942}") = "problem_3", "problem_3\problem_3.vcxproj", "{E194E99D-4633-4275-BB2C-BB0091CD88C8}"
EndProject
Project("{8BC9CEB8-8B4A-11D0-8D11-00A0C91BC942}") = "problem_4", "problem_4\problem_4.vcxproj", "{D4BF321B-D5B8-4E73-A031-530F87953E4B}"
EndProject
Project("{8BC9CEB8-8B4A-11D0-8D11-00A0C91BC942}") = "problem_5", "problem_5\problem_5.vcxproj", "{D9BAB5B1-28EC-4542-871D-8CC45118A883}"
EndProject
Project("{8BC9CEB8-8B4A-11D0-8D11-00A0C91BC942}") = "problem_6", "problem_6\problem_6.vcxproj", "{6FE42B66-7F92-42B1-A597-86D950282924}"
EndProject
Project("{8BC9CEB8-8B4A-11D0-8D11-00A0C91BC942}") = "problem_7", "problem_7\problem_7.vcxproj", "{B837CB54-AC2D-4439-AC46-4D6277B58D82}"
EndProject
Project("{8BC9CEB8-8B4A-11D0-8D11-00A0C91BC942}") = "problem_8", "problem_8\problem_8.vcxproj", "{EC71A4BA-9BBE-45FB-A94D-C020A8E84210}"
EndProject
Project("{8BC9CEB8-8B4A-11D0-8D11-00A0C91BC942}") = "problem_9", "problem_9\problem_9.vcxproj", "{FB615378-AFEE-4587-A8F3-5B46DCA22232}"
EndProject
Project("{8BC9CEB8-8B4A-11D0-8D11-00A0C91BC942}") = "problem_10", "problem_10\problem_10.vcxproj", "{143028C1-EF13-4E63-901A-1004893D4EAC}"
EndProject
Project("{8BC9CEB8-8B4A-11D0-8D11-00A0C91BC942}") = "problem_11", "problem_11\problem_11.vcxproj", "{561A6065-9FC1-4642-8F68-E9F1743057B7}"
EndProject
Project("{8BC9CEB8-8B4A-11D0-8D11-00A0C91BC942}") = "problem_12", "problem_12\problem_12.vcxproj", "{C1F35AAD-5A56-41E7-A132-067B3F359DFF}"
EndProject
Project("{8BC9CEB8-8B4A-11D0-8D11-00A0C91BC942}") = "problem_13", "problem_13\problem_13.vcxproj", "{CFC247FB-34EC-423A-9078-F14638CD4863}"
EndProject
Project("{8BC9CEB8-8B4A-11D0-8D11-00A0C91BC942}") = "problem_14", "problem_14\problem_14.vcxproj", "{28E761A2-2424-404C-B891-F2A02AE68C54}"
EndProject
Project("{8BC9CEB8-8B4A-11D0-8D11-00A0C91BC942}") = "problem_15", "problem_15\problem_15.vcxproj", "{33A857BD-A0EE-4B81-B74B-0109113EC944}"
EndProject
Global
	GlobalSection(SolutionConfigurationPlatforms) = preSolution
		Debug|x64 = Debug|x64
		Debug|x86 = Debug|x86
		Release|x64 = Release|x64
		Release|x86 = Release|x86
	EndGlobalSection
	GlobalSection(ProjectConfigurationPlatforms) = postSolution
		{0C42C79B-5250-4F02-8004-00E720F63FDF}.Debug|x64.ActiveCfg = Debug|x64
		{0C42C79B-5250-4F02-8004-00E720F63FDF}.Debug|x64.Build.0 = Debug|x64
		{0C42C79B-5250-4F02-8004-00E720F63FDF}.Debug|x86.ActiveCfg = Debug|Win32
		{0C42C79B-5250-4F02-8004-00E720F63FDF}.Debug|x86.Build.0 = Debug|Win32
		{0C42C79B-5250-4F02-8004-00E720F63FDF}.Release|x64.ActiveCfg = Release|x64
		{0C42C79B-5250-4F02-8004-00E720F63FDF}.Release|x64.Build.0 = Release|x64
		{0C42C79B-5250-4F02-8004-00E720F63FDF}.Release|x86.ActiveCfg = Release|Win32
		{0C42C79B-5250-4F02-8004-00E720F63FDF}.Release|x86.Build.0 = Release|Win32
		{872A74B5-C931-4748-A4AC-318A3453F4D1}.Debug|x64.ActiveCfg = Debug|x64
		{872A74B5-C931-4748-A4AC-318A3453F4D1}.Debug|x64.Build.0 = Debug|x64
		{872A74B5-C931-4748-A4AC-318A3453F4D1}.Debug|x86.ActiveCfg = Debug|Win32
		{872A74B5-C931-4748-A4AC-318A3453F4D1}.Debug|x86.Build.0 = Debug|Win32
		{872A74B5-C931-4748-A4AC-318A3453F4D1}.Release|x64.ActiveCfg = Release|x64
		{872A74B5-C931-4748-A4AC-318A3453F4D1}.Release|x64.Build.0 = Release|x64
		{872A74B5-C931-4748-A4AC-318A3453F4D1}.Release|x86.ActiveCfg = Release|Win32
		{872A74B5-C931-4748-A4AC-318A3453F4D1}.Release|x86.Build.0 = Release|Win32
		{E194E99D-4633-4275-BB2C-BB0091CD88C8}.Debug|x64.ActiveCfg = Debug|x64
		{E194E99D-4633-4275-BB2C-BB0091CD88C8}.Debug|x64.Build.0 = Debug|x64
		{E194E99D-4633-4275-BB2C-BB0091CD88C8}.Debug|x86.ActiveCfg = Debug|Win32
		{E194E99D-4633-4275-BB2C-BB0091CD88C8}.Debug|x86.Build.0 = Debug|Win32
		{E194E99D-4633-4275-BB2C-BB0091CD88C8}.Release|x64.ActiveCfg = Release|x64
		{E194E99D-4633-4275-BB2C-BB0091CD88C8}.Release|x64.Build.0 = Release|x64
		{E194E99D-4633-4275-BB2C-BB0091CD88C8}.Release|x86.ActiveCfg = Release|Win32
		{E194E99D-4633-4275-BB2C-BB0091CD88C8}.Release|x86.Build.0 = Release|Win32
		{D4BF321B-D5B8-4E73-A031-530F87953E4B}.Debug|x64.ActiveCfg = Debug|x64
		{D4BF321B-D5B8-4E73-A031-530F87953E4B}.Debug|x64.Build.0 = Debug|x64
		{D4BF321B-D5B8-4E73-A031-530F87953E4B}.Debug|x86.ActiveCfg = Debug|Win32
		{D4BF321B-D5B8-4E73-A031-530F87953E4B}.Debug|x86.Build.0 = Debug|Win32
		{D4BF321B-D5B8-4E73-A031-530F87953E4B}.Release|x64.ActiveCfg = Release|x64
		{D4BF321B-D5B8-4E73-A031-530F87953E4B}.Release|x64.Build.0 = Release|x64
		{D4BF321B-D5B8-4E73-A031-530F87953E4B}.Release|x86.ActiveCfg = Release|Win32
		{D4BF321B-D5B8-4E73-A031-530F87953E4B}.Release|x86.Build.0 = Release|Win32
		{D9BAB5B1-28EC-4542-871D-8CC45118A883}.Debug|x64.ActiveCfg = Debug|x64
		{D9BAB5B1-28EC-4542-871D-8CC45118A883}.Debug|x64.Build.0 = Debug|x64
		{D9BAB5B1-28EC-4542-871D-8CC45118A883}.Debug|x86.ActiveCfg = Debug|Win32
		{D9BAB5B1-28EC-4542-871D-8CC45118A883}.Debug|x86.Build.0 = Debug|Win32
		{D9BAB5B1-28EC-4542-871D-8CC45118A883}.Release|x64.ActiveCfg = Release|x64
		{D9BAB5B1-28EC-4542-871D-8CC45118A883}.Release|x64.Build.0 = Release|x64
		{D9BAB5B1-28EC-4542-871D-8CC45118A883}.Release|x86.ActiveCfg = Release|Win32
		{D9BAB5B1-28EC-4542-871D-8CC45118A883}.Release|x86.Build.0 = Release|Win32
		{6FE42B66-7F92-42B1-A597-86D950282924}.Debug|x64.ActiveCfg = Debug|x64
		{6FE42B66-7F92-42B1-A597-86D950282924}.Debug|x64.Build.0 = Debug|x64
		{6FE42B66-7F92-42B1-A597-86D950282924}.Debug|x86.ActiveCfg = Debug|Win32
		{6FE42B66-7F92-42B1-A597-86D950282924}.Debug|x86.Build.0 = Debug|Win32
		{6FE42B66-7F92-42B1-A597-86D950282924}.Release|x64.ActiveCfg = Release|x64
		{6FE42B66-7F92-42B1-A597-86D950282924}.Release|x64.Build.0 = Release|x64
		{6FE42B66-7F92-42B1-A597-86D950282924}.Release|x86.ActiveCfg = Release|Win32
		{6FE42B66-7F92-42B1-A597-86D950282924}.Release|x86.Build.0 = Release|Win32
		{B837CB54-AC2D-4439-AC46-4D6277B58D82}.Debug|x64.ActiveCfg = Debug|x64
		{B837CB54-AC2D-4439-AC46-4D6277B58D82}.Debug|x64.Build.0 = Debug|x64
		{B837CB54-AC2D-4439-AC46-4D6277B58D82}.Debug|x86.ActiveCfg = Debug|Win32
		{B837CB54-AC2D-4439-AC46-4D6277B58D82}.Debug|x86.Build.0 = Debug|Win32
		{B837CB54-AC2D-4439-AC46-4D6277B58D82}.Release|x64.ActiveCfg = Release|x64
		{B837CB54-AC2D-4439-AC46-4D6277B58D82}.Release|x64.Build.0 = Release|x64
		{B837CB54-AC2D-4439-AC46-4D6277B58D82}.Release|x86.ActiveCfg = Release|Win32
		{B837CB54-AC2D-4439-AC46-4D6277B58D82}.Release|x86.Build.0 = Release|Win32
		{EC71A4BA-9BBE-45FB-A94D-C020A8E84210}.Debug|x64.ActiveCfg = Debug|x64
		{EC71A4BA-9BBE-45FB-A94D-C020A8E84210}.Debug|x64.Build.0 = Debug|x64
		{EC71A4BA-9BBE-45FB-A94D-C020A8E84210}.Debug|x86.ActiveCfg = Debug|Win32
		{EC71A4BA-9BBE-45FB-A94D-C020A8E84210}.Debug|x86.Build.0 = Debug|Win32
		{EC71A4BA-9BBE-45FB-A94D-C020A8E84210}.Release|x64.ActiveCfg = Release|x64
		{EC71A4BA-9BBE-45FB-A94D-C020A8E84210}.Release|x64.Build.0 = Release|x64
		{EC71A4BA-9BBE-45FB-A94D-C020A8E84210}.Release|x86.ActiveCfg = Release|Win32
		{EC71A4BA-9BBE-45FB-A94D-C020A8E84210}.Release|x86.Build.0 = Release|Win32
		{FB615378-AFEE-4587-A8F3-5B46DCA22232}.Debug|x64.ActiveCfg = Debug|x64
		{FB615378-AFEE-4587-A8F3-5B46DCA22232}.Debug|x64.Build.0 = Debug|x64
		{FB615378-AFEE-4587-A8F3-5B46DCA22232}.Debug|x86.ActiveCfg = Debug|Win32
		{FB615378-AFEE-4587-A8F3-5B46DCA22232}.Debug|x86.Build.0 = Debug|Win32
		{FB615378-AFEE-4587-A8F3-5B46DCA22232}.Release|x64.ActiveCfg = Release|x64
		{FB615378-AFEE-4587-A8F3-5B46DCA22232}.Release|x64.Build.0 = Release|x64
		{FB615378-AFEE-4587-A8F3-5B46DCA22232}.Release|x86.ActiveCfg = Release|Win32
		{FB615378-AFEE-4587-A8F3-5B46DCA22232}.Release|x86.Build.0 = Release|Win32
		{143028C1-EF13-4E63-901A-1004893D4EAC}.Debug|x64.ActiveCfg = Debug|x64
		{143028C1-EF13-4E63-901A-1004893D4EAC}.Debug|x64.Build.0 = Debug|x64
		{143028C1-EF13-4E63-901A-1004893D4EAC}.Debug|x86.ActiveCfg = Debug|Win32
		{143028C1-EF13-4E63-901A-1004893D4EAC}.Debug|x86.Build.0 = Debug|Win32
		{143028C1-EF13-4E63-901A-1004893D4EAC}.Release|x64.ActiveCfg = Release|x64
		{143028C1-EF13-4E63-901A-1004893D4EAC}.Release|x64.Build.0 = Release|x64
		{143028C1-EF13-4E63-901A-1004893D4EAC}.Release|x86.ActiveCfg = Release|Win32
		{143028C1-EF13-4E63-901A-1004893D4EAC}.Release|x86.Build.0 = Release|Win32
		{561A6065-9FC1-4642-8F68-E9F1743057B7}.Debug|x64.ActiveCfg = Debug|x64
		{561A6065-9FC1-4642-8F68-E9F1743057B7}.Debug|x64.Build.0 = Debug|x64
		{561A6065-9FC1-4642-8F68-E9F1743057B7}.Debug|x86.ActiveCfg = Debug|Win32
		{561A6065-9FC1-4642-8F68-E9F1743057B7}.Debug|x86.Build.0 = Debug|Win32
		{561A6065-9FC1-4642-8F68-E9F1743057B7}.Release|x64.ActiveCfg = Release|x64
		{561A6065-9FC1-4642-8F68-E9F1743057B7}.Release|x64.Build.0 = Release|x64
		{561A6065-9FC1-4642-8F68-E9F1743057B7}.Release|x86.ActiveCfg = Release|Win32
		{561A6065-9FC1-4642-8F68-E9F1743057B7}.Release|x86.Build.0 = Release|Win32
		{C1F35AAD-5A56-41E7-A132-067B3F359DFF}.Debug|x64.ActiveCfg = Debug|x64
		{C1F35AAD-5A56-41E7-A132-067B3F359DFF}.Debug|x64.Build.0 = Debug|x64
		{C1F35AAD-5A56-41E7-A132-067B3F359DFF}.Debug|x86.ActiveCfg = Debug|Win32
		{C1F35AAD-5A56-41E7-A132-067B3F359DFF}.Debug|x86.Build.0 = Debug|Win32
		{C1F35AAD-5A56-41E7-A132-067B3F359DFF}.Release|x64.ActiveCfg = Release|x64
		{C1F35AAD-5A56-41E7-A132-067B3F359DFF}.Release|x64.Build.0 = Release|x64
		{C1F35AAD-5A56-41E7-A132-067B3F359DFF}.Release|x86.ActiveCfg = Release|Win32
		{C1F35AAD-5A56-41E7-A132-067B3F359DFF}.Release|x86.Build.0 = Release|Win32
		{CFC247FB-34EC-423A-9078-F14638CD4863}.Debug|x64.ActiveCfg = Debug|x64
		{CFC247FB-34EC-423A-9078-F14638CD4863}.Debug|x64.Build.0 = Debug|x64
		{CFC247FB-34EC-423A-9078-F14638CD4863}.Debug|x86.ActiveCfg = Debug|Win32
		{CFC247FB-34EC-423A-9078-F14638CD4863}.Debug|x86.Build.0 = Debug|Win32
		{CFC247FB-34EC-423A-9078-F14638CD4863}.Release|x64.ActiveCfg = Release|x64
		{CFC247FB-34EC-423A-9078-F14638CD4863}.Release|x64.Build.0 = Release|x64
		{CFC247FB-34EC-423A-9078-F14638CD4863}.Release|x86.ActiveCfg = Release|Win32
		{CFC247FB-34EC-423A-9078-F14638CD4863}.Release|x86.Build.0 = Release|Win32
		{28E761A2-2424-404C-B891-F2A02AE68C54}.Debug|x64.ActiveCfg = Debug|x64
		{28E761A2-2424-404C-B891-F2A02AE68C54}.Debug|x64.Build.0 = Debug|x64
		{28E761A2-2424-404C-B891-F2A02AE68C54}.Debug|x86.ActiveCfg = Debug|Win32
		{28E761A2-2424-404C-B891-F2A02AE68C54}.Debug|x86.Build.0 = Debug|Win32
		{28E761A2-2424-404C-B891-F2A02AE68C54}.Release|x64.ActiveCfg = Release|x64
		{28E761A2-2424-404C-B891-F2A02AE68C54}.Release|x64.Build.0 = Release|x64
		{28E761A2-2424-404C-B891-F2A02AE68C54}.Release|x86.ActiveCfg = Release|Win32
		{28E761A2-2424-404C-B891-F2A02AE68C54}.Release|x86.Build.0 = Release|Win32
		{33A857BD-A0EE-4B81-B74B-0109113EC944}.Debug|x64.ActiveCfg = Debug|x64
		{33A857BD-A0EE-4B81-B74B-0109113EC944}.Debug|x64.Build.0 = Debug|x64
		{33A857BD-A0EE-4B81-B74B-0109113EC944}.Debug|x86.ActiveCfg = Debug|Win32
		{33A857BD-A0EE-4B81-B74B-0109113EC944}.Debug|x86.Build.0 = Debug|Win32
		{33A857BD-A0EE-4B81-B74B-0109113EC944}.Release|x64.ActiveCfg = Release|x64
		{33A857BD-A0EE-4B81-B74B-0109113EC944}.Release|x64.Build.0 = Release|x64
		{33A857BD-A0EE-4B81-B74B-0109113EC944}.Release|x86.ActiveCfg = Release|Win32
		{33A857BD-A0EE-4B81-B74B-0109113EC944}.Release|x86.Build.0 = Release|Win32
	EndGlobalSection
	GlobalSection(SolutionProperties) = preSolution
		HideSolutionNode = FALSE
	EndGlobalSection
	GlobalSection(ExtensibilityGlobals) = postSolution
		SolutionGuid = {5010E50B-256D-4BD7-B2FE-CFA5BAE4E043}
	EndGlobalSection
EndGlobal
